
Microsoft Visual Studio Solution File, Format Version 12.00
# Visual Studio Version 17
VisualStudioVersion = 17.3.32819.101
MinimumVisualStudioVersion = 10.0.40219.1
Project("{9A19103F-16F7-4668-BE54-9A1E7A4F7556}") = "BattelData", "BattelData\BattelData.csproj", "{A2AE4C8E-AADB-4FE0-ADC9-BA17A3251D50}"
EndProject
Project("{9A19103F-16F7-4668-BE54-9A1E7A4F7556}") = "BlazorBattelDataGUI", "BlazorBattelDataGUI\BlazorBattelDataGUI.csproj", "{8A6A1E22-07CB-4B2B-BEA1-12A8BE076A37}"
EndProject
Global
	GlobalSection(SolutionConfigurationPlatforms) = preSolution
		Debug|Any CPU = Debug|Any CPU
		Release|Any CPU = Release|Any CPU
	EndGlobalSection
	GlobalSection(ProjectConfigurationPlatforms) = postSolution
		{A2AE4C8E-AADB-4FE0-ADC9-BA17A3251D50}.Debug|Any CPU.ActiveCfg = Debug|Any CPU
		{A2AE4C8E-AADB-4FE0-ADC9-BA17A3251D50}.Debug|Any CPU.Build.0 = Debug|Any CPU
		{A2AE4C8E-AADB-4FE0-ADC9-BA17A3251D50}.Release|Any CPU.ActiveCfg = Release|Any CPU
		{A2AE4C8E-AADB-4FE0-ADC9-BA17A3251D50}.Release|Any CPU.Build.0 = Release|Any CPU
		{8A6A1E22-07CB-4B2B-BEA1-12A8BE076A37}.Debug|Any CPU.ActiveCfg = Debug|Any CPU
		{8A6A1E22-07CB-4B2B-BEA1-12A8BE076A37}.Debug|Any CPU.Build.0 = Debug|Any CPU
		{8A6A1E22-07CB-4B2B-BEA1-12A8BE076A37}.Release|Any CPU.ActiveCfg = Release|Any CPU
		{8A6A1E22-07CB-4B2B-BEA1-12A8BE076A37}.Release|Any CPU.Build.0 = Release|Any CPU
	EndGlobalSection
	GlobalSection(SolutionProperties) = preSolution
		HideSolutionNode = FALSE
	EndGlobalSection
	GlobalSection(ExtensibilityGlobals) = postSolution
		SolutionGuid = {551F9F1A-86B9-424E-BAF3-CCF94BD1EF21}
	EndGlobalSection
EndGlobal
